<?xml version="1.0" encoding="utf-8"?>
<Project ToolsVersion="4.0" xmlns="http://schemas.microsoft.com/developer/msbuild/2003">
  <ItemGroup>
    <Filter Include="Fichiers de ressources">
      <UniqueIdentifier>{67DA6AB6-F800-4c08-8B7A-83BB121AAD01}</UniqueIdentifier>
      <Extensions>rc;ico;cur;bmp;dlg;rc2;rct;bin;rgs;gif;jpg;jpeg;jpe;resx;tiff;tif;png;wav;mfcribbon-ms</Extensions>
    </Filter>
    <Filter Include="Model.h">
      <UniqueIdentifier>{68cd9f48-9623-4fe5-a9eb-67755e2c354c}</UniqueIdentifier>
    </Filter>
    <Filter Include="Forms.cpp">
      <UniqueIdentifier>{4FC737F1-C7A5-4376-A066-2A32D752A2FF}</UniqueIdentifier>
      <Extensions>cpp;c;cc;cxx;c++;cppm;ixx;def;odl;idl;hpj;bat;asm;asmx</Extensions>
    </Filter>
    <Filter Include="Forms.h">
      <UniqueIdentifier>{93995380-89BD-4b04-88EB-625FBE52EBFB}</UniqueIdentifier>
      <Extensions>h;hh;hpp;hxx;h++;hm;inl;inc;ipp;xsd</Extensions>
    </Filter>
    <Filter Include="Model.cpp">
      <UniqueIdentifier>{386bd031-aeb3-43ba-b15f-8997318707cb}</UniqueIdentifier>
    </Filter>
  </ItemGroup>
  <ItemGroup>
    <ClCompile Include="Accueil.cpp">
      <Filter>Forms.cpp</Filter>
    </ClCompile>
    <ClCompile Include="AddClient.cpp">
      <Filter>Forms.cpp</Filter>
    </ClCompile>
    <ClCompile Include="Catalogue.cpp">
      <Filter>Forms.cpp</Filter>
    </ClCompile>
    <ClCompile Include="Client.cpp">
      <Filter>Forms.cpp</Filter>
    </ClCompile>
    <ClCompile Include="Commande.cpp">
      <Filter>Forms.cpp</Filter>
    </ClCompile>
    <ClCompile Include="Comptabilite.cpp">
      <Filter>Forms.cpp</Filter>
    </ClCompile>
    <ClCompile Include="MonEspace.cpp">
      <Filter>Forms.cpp</Filter>
    </ClCompile>
    <ClCompile Include="MyForm.cpp">
      <Filter>Forms.cpp</Filter>
    </ClCompile>
    <ClCompile Include="Personnel.cpp">
      <Filter>Forms.cpp</Filter>
    </ClCompile>
    <ClCompile Include="pch.cpp">
      <Filter>Model.cpp</Filter>
    </ClCompile>
    <ClCompile Include="Projet.cpp">
      <Filter>Model.cpp</Filter>
    </ClCompile>
    <ClCompile Include="Service.cpp">
      <Filter>Model.cpp</Filter>
    </ClCompile>
    <ClCompile Include="AssemblyInfo.cpp">
      <Filter>Model.cpp</Filter>
    </ClCompile>
    <ClCompile Include="CAD.cpp">
      <Filter>Model.cpp</Filter>
    </ClCompile>
    <ClCompile Include="MAP.cpp">
      <Filter>Model.cpp</Filter>
    </ClCompile>
  </ItemGroup>
  <ItemGroup>
    <ClInclude Include="MyForm.h">
      <Filter>Forms.h</Filter>
    </ClInclude>
    <ClInclude Include="Client.h">
      <Filter>Forms.h</Filter>
    </ClInclude>
    <ClInclude Include="Catalogue.h">
      <Filter>Forms.h</Filter>
    </ClInclude>
    <ClInclude Include="Accueil.h">
      <Filter>Forms.h</Filter>
    </ClInclude>
    <ClInclude Include="Comptabilite.h">
      <Filter>Forms.h</Filter>
    </ClInclude>
    <ClInclude Include="Commande.h">
      <Filter>Forms.h</Filter>
    </ClInclude>
    <ClInclude Include="Personnel.h">
      <Filter>Forms.h</Filter>
    </ClInclude>
    <ClInclude Include="MonEspace.h">
      <Filter>Forms.h</Filter>
    </ClInclude>
    <ClInclude Include="AddClient.h">
      <Filter>Forms.h</Filter>
    </ClInclude>
    <ClInclude Include="CAD.h">
      <Filter>Model.h</Filter>
    </ClInclude>
    <ClInclude Include="MAP.h">
      <Filter>Model.h</Filter>
    </ClInclude>
    <ClInclude Include="pch.h">
      <Filter>Model.h</Filter>
    </ClInclude>
    <ClInclude Include="Resource.h">
      <Filter>Model.h</Filter>
    </ClInclude>
    <ClInclude Include="Services.h">
      <Filter>Model.h</Filter>
    </ClInclude>
  </ItemGroup>
</Project>